{
  "name": "sciforge",
  "version": "1.0.0",
  "lockfileVersion": 3,
  "requires": true,
  "packages": {
    "": {
      "name": "sciforge",
      "version": "1.0.0",
      "dependencies": {
        "expo": "~51.0.0",
        "react": "18.2.0",
        "react-native": "0.74.5",
        "expo-router": "~3.7.0",
        "react-native-reanimated": "~3.8.0",
        "react-native-skia": "1.2.0",
        "@shopify/react-native-skia": "1.2.0",
        "firebase": "^10.12.0",
        "@google/generative-ai": "^0.21.0",
        "expo-blur": "~13.0.0",
        "moti": "^0.29.0",
        "victory-native": "^41.0.0"
      }
    }
  }
}
